
Microsoft Visual Studio Solution File, Format Version 12.00
# Visual Studio 15
VisualStudioVersion = 15.0.28307.1831
MinimumVisualStudioVersion = 10.0.40219.1
Project("{2150E333-8FDC-42A3-9474-1A3956D46DE8}") = "Application", "Application", "{75C524F7-FEF5-462C-9606-F15C8BEAF2B3}"
EndProject
Project("{2150E333-8FDC-42A3-9474-1A3956D46DE8}") = "Domain", "Domain", "{58BDCD01-A28D-4DD2-8711-12469DDD4C82}"
EndProject
Project("{2150E333-8FDC-42A3-9474-1A3956D46DE8}") = "Infra.IoC", "Infra.IoC", "{E4FDA0CC-A7C3-4E8F-BE38-3F5683D1FD7C}"
EndProject
Project("{2150E333-8FDC-42A3-9474-1A3956D46DE8}") = "Infra.Data", "Infra.Data", "{EDFB15B1-F84B-40E1-95C8-FA6A6F01F46A}"
EndProject
Project("{2150E333-8FDC-42A3-9474-1A3956D46DE8}") = "Presemtation", "Presemtation", "{C6D80ED9-9E78-4BCF-8860-7C50AD530691}"
EndProject
Project("{9A19103F-16F7-4668-BE54-9A1E7A4F7556}") = "CleanArch.Mvc", "CleanArch.Mvc\CleanArch.Mvc.csproj", "{5B3BC649-A2C9-4C14-8818-CA4B102180EB}"
EndProject
Project("{9A19103F-16F7-4668-BE54-9A1E7A4F7556}") = "CleanArch.Domain", "CleanArch.Domain\CleanArch.Domain.csproj", "{20442F85-41BB-435A-9AA8-20263F3A00A6}"
EndProject
Project("{9A19103F-16F7-4668-BE54-9A1E7A4F7556}") = "CleanArch.Infra.Data", "CleanArch.Infra.Data\CleanArch.Infra.Data.csproj", "{5BE56394-AA8D-47E4-B257-67DAA8D52CC8}"
EndProject
Project("{FAE04EC0-301F-11D3-BF4B-00C04F79EFBC}") = "CleanArch.Application", "CleanArch.Application\CleanArch.Application.csproj", "{8EF344BD-B8AE-4A79-919F-FE3D4365A23F}"
EndProject
Global
	GlobalSection(SolutionConfigurationPlatforms) = preSolution
		Debug|Any CPU = Debug|Any CPU
		Release|Any CPU = Release|Any CPU
	EndGlobalSection
	GlobalSection(ProjectConfigurationPlatforms) = postSolution
		{5B3BC649-A2C9-4C14-8818-CA4B102180EB}.Debug|Any CPU.ActiveCfg = Debug|Any CPU
		{5B3BC649-A2C9-4C14-8818-CA4B102180EB}.Debug|Any CPU.Build.0 = Debug|Any CPU
		{5B3BC649-A2C9-4C14-8818-CA4B102180EB}.Release|Any CPU.ActiveCfg = Release|Any CPU
		{5B3BC649-A2C9-4C14-8818-CA4B102180EB}.Release|Any CPU.Build.0 = Release|Any CPU
		{20442F85-41BB-435A-9AA8-20263F3A00A6}.Debug|Any CPU.ActiveCfg = Debug|Any CPU
		{20442F85-41BB-435A-9AA8-20263F3A00A6}.Debug|Any CPU.Build.0 = Debug|Any CPU
		{20442F85-41BB-435A-9AA8-20263F3A00A6}.Release|Any CPU.ActiveCfg = Release|Any CPU
		{20442F85-41BB-435A-9AA8-20263F3A00A6}.Release|Any CPU.Build.0 = Release|Any CPU
		{5BE56394-AA8D-47E4-B257-67DAA8D52CC8}.Debug|Any CPU.ActiveCfg = Debug|Any CPU
		{5BE56394-AA8D-47E4-B257-67DAA8D52CC8}.Debug|Any CPU.Build.0 = Debug|Any CPU
		{5BE56394-AA8D-47E4-B257-67DAA8D52CC8}.Release|Any CPU.ActiveCfg = Release|Any CPU
		{5BE56394-AA8D-47E4-B257-67DAA8D52CC8}.Release|Any CPU.Build.0 = Release|Any CPU
		{8EF344BD-B8AE-4A79-919F-FE3D4365A23F}.Debug|Any CPU.ActiveCfg = Debug|Any CPU
		{8EF344BD-B8AE-4A79-919F-FE3D4365A23F}.Debug|Any CPU.Build.0 = Debug|Any CPU
		{8EF344BD-B8AE-4A79-919F-FE3D4365A23F}.Release|Any CPU.ActiveCfg = Release|Any CPU
		{8EF344BD-B8AE-4A79-919F-FE3D4365A23F}.Release|Any CPU.Build.0 = Release|Any CPU
	EndGlobalSection
	GlobalSection(SolutionProperties) = preSolution
		HideSolutionNode = FALSE
	EndGlobalSection
	GlobalSection(NestedProjects) = preSolution
		{5B3BC649-A2C9-4C14-8818-CA4B102180EB} = {C6D80ED9-9E78-4BCF-8860-7C50AD530691}
		{20442F85-41BB-435A-9AA8-20263F3A00A6} = {58BDCD01-A28D-4DD2-8711-12469DDD4C82}
		{5BE56394-AA8D-47E4-B257-67DAA8D52CC8} = {EDFB15B1-F84B-40E1-95C8-FA6A6F01F46A}
		{8EF344BD-B8AE-4A79-919F-FE3D4365A23F} = {75C524F7-FEF5-462C-9606-F15C8BEAF2B3}
	EndGlobalSection
	GlobalSection(ExtensibilityGlobals) = postSolution
		SolutionGuid = {F173C621-6F08-4B59-976D-33A132403774}
	EndGlobalSection
EndGlobal
